
Microsoft Visual Studio Solution File, Format Version 12.00
# Visual Studio Version 17
VisualStudioVersion = 17.5.33414.496
MinimumVisualStudioVersion = 10.0.40219.1
Project("{FAE04EC0-301F-11D3-BF4B-00C04F79EFBC}") = "WebAppCurd", "WebAppCurd\WebAppCurd.csproj", "{D972330A-0115-4D5B-A96A-B9D1D18A6BA4}"
EndProject
Global
	GlobalSection(SolutionConfigurationPlatforms) = preSolution
		Debug|Any CPU = Debug|Any CPU
		Release|Any CPU = Release|Any CPU
	EndGlobalSection
	GlobalSection(ProjectConfigurationPlatforms) = postSolution
		{D972330A-0115-4D5B-A96A-B9D1D18A6BA4}.Debug|Any CPU.ActiveCfg = Debug|Any CPU
		{D972330A-0115-4D5B-A96A-B9D1D18A6BA4}.Debug|Any CPU.Build.0 = Debug|Any CPU
		{D972330A-0115-4D5B-A96A-B9D1D18A6BA4}.Release|Any CPU.ActiveCfg = Release|Any CPU
		{D972330A-0115-4D5B-A96A-B9D1D18A6BA4}.Release|Any CPU.Build.0 = Release|Any CPU
	EndGlobalSection
	GlobalSection(SolutionProperties) = preSolution
		HideSolutionNode = FALSE
	EndGlobalSection
	GlobalSection(ExtensibilityGlobals) = postSolution
		SolutionGuid = {0B99CC58-534F-447D-94EE-829A0BF8984F}
	EndGlobalSection
EndGlobal
